
Microsoft Visual Studio Solution File, Format Version 12.00
# Visual Studio Version 17
VisualStudioVersion = 17.2.32602.215
MinimumVisualStudioVersion = 10.0.40219.1
Project("{9A19103F-16F7-4668-BE54-9A1E7A4F7556}") = "Microsoft.Azure.Databricks.Client", "Microsoft.Azure.Databricks.Client\Microsoft.Azure.Databricks.Client.csproj", "{73B074F0-B34E-44F7-8AE4-A6B83BF29725}"
EndProject
Project("{9A19103F-16F7-4668-BE54-9A1E7A4F7556}") = "Microsoft.Azure.Databricks.Client.Sample", "Sample\Microsoft.Azure.Databricks.Client.Sample.csproj", "{B2136A19-FB2D-4AB5-BA72-DCF2F36E410E}"
EndProject
Project("{9A19103F-16F7-4668-BE54-9A1E7A4F7556}") = "Microsoft.Azure.Databricks.Client.Test", "Microsoft.Azure.Databricks.Client.Test\Microsoft.Azure.Databricks.Client.Test.csproj", "{8773230B-7B2F-4F07-9F68-89086A7B6C45}"
EndProject
Global
	GlobalSection(SolutionConfigurationPlatforms) = preSolution
		Debug|Any CPU = Debug|Any CPU
		Release|Any CPU = Release|Any CPU
	EndGlobalSection
	GlobalSection(ProjectConfigurationPlatforms) = postSolution
		{73B074F0-B34E-44F7-8AE4-A6B83BF29725}.Debug|Any CPU.ActiveCfg = Debug|Any CPU
		{73B074F0-B34E-44F7-8AE4-A6B83BF29725}.Debug|Any CPU.Build.0 = Debug|Any CPU
		{73B074F0-B34E-44F7-8AE4-A6B83BF29725}.Release|Any CPU.ActiveCfg = Release|Any CPU
		{73B074F0-B34E-44F7-8AE4-A6B83BF29725}.Release|Any CPU.Build.0 = Release|Any CPU
		{B2136A19-FB2D-4AB5-BA72-DCF2F36E410E}.Debug|Any CPU.ActiveCfg = Debug|Any CPU
		{B2136A19-FB2D-4AB5-BA72-DCF2F36E410E}.Debug|Any CPU.Build.0 = Debug|Any CPU
		{B2136A19-FB2D-4AB5-BA72-DCF2F36E410E}.Release|Any CPU.ActiveCfg = Release|Any CPU
		{B2136A19-FB2D-4AB5-BA72-DCF2F36E410E}.Release|Any CPU.Build.0 = Release|Any CPU
		{8773230B-7B2F-4F07-9F68-89086A7B6C45}.Debug|Any CPU.ActiveCfg = Debug|Any CPU
		{8773230B-7B2F-4F07-9F68-89086A7B6C45}.Debug|Any CPU.Build.0 = Debug|Any CPU
		{8773230B-7B2F-4F07-9F68-89086A7B6C45}.Release|Any CPU.ActiveCfg = Release|Any CPU
		{8773230B-7B2F-4F07-9F68-89086A7B6C45}.Release|Any CPU.Build.0 = Release|Any CPU
	EndGlobalSection
	GlobalSection(SolutionProperties) = preSolution
		HideSolutionNode = FALSE
	EndGlobalSection
	GlobalSection(ExtensibilityGlobals) = postSolution
		SolutionGuid = {0727171D-4648-4585-BC93-80265F149C4F}
	EndGlobalSection
EndGlobal
